<?xml version="1.0" encoding="utf-8"?>
<Project ToolsVersion="16.0" xmlns="http://schemas.microsoft.com/developer/msbuild/2003">
  <ItemGroup>
    <CustomBuild Include="C:\Users\gabri\Documentos SSD\Repositories\udp-socket\temp\CMakeFiles\f721e9c43add42fdec33541661b3d088\generate.stamp.rule">
      <Filter>CMake Rules</Filter>
    </CustomBuild>
  </ItemGroup>
  <ItemGroup>
    <Filter Include="CMake Rules">
      <UniqueIdentifier>{C15AF99A-61AD-37B1-9973-134C8781727B}</UniqueIdentifier>
    </Filter>
  </ItemGroup>
</Project>
