<?xml version="1.0" encoding="utf-8"?>
<Project ToolsVersion="16.0" xmlns="http://schemas.microsoft.com/developer/msbuild/2003">
  <ItemGroup>
    <ClCompile Include="C:\Users\gabri\Documentos SSD\Repositories\udp-socket\Server\Server.cpp">
      <Filter>Source Files</Filter>
    </ClCompile>
  </ItemGroup>
  <ItemGroup>
    <ClInclude Include="C:\Users\gabri\Documentos SSD\Repositories\udp-socket\Server\Server.h">
      <Filter>Header Files</Filter>
    </ClInclude>
  </ItemGroup>
  <ItemGroup>
    <CustomBuild Include="C:\Users\gabri\Documentos SSD\Repositories\udp-socket\Server\CMakeLists.txt" />
  </ItemGroup>
  <ItemGroup>
    <Filter Include="Header Files">
      <UniqueIdentifier>{B4E5C7AD-F1CD-3D17-8F13-A36D39DC47EF}</UniqueIdentifier>
    </Filter>
    <Filter Include="Source Files">
      <UniqueIdentifier>{9457E34C-3554-34B4-913C-D80DF6C94C46}</UniqueIdentifier>
    </Filter>
  </ItemGroup>
</Project>
